
Microsoft Visual Studio Solution File, Format Version 12.00
# Visual Studio Version 17
VisualStudioVersion = 17.0.32126.317
MinimumVisualStudioVersion = 10.0.40219.1
Project("{FAE04EC0-301F-11D3-BF4B-00C04F79EFBC}") = "HashTableFrequ", "HashTableFrequ.csproj", "{07F7C9EB-68A4-4FB7-8501-0FEEFC92BCBB}"
EndProject
Project("{FAE04EC0-301F-11D3-BF4B-00C04F79EFBC}") = "HashTableFrequ2", "..\HashTableFrequ2\HashTableFrequ2.csproj", "{7FB8B1CB-A88A-4A2E-B3AA-4B6DD55B827F}"
EndProject
Global
	GlobalSection(SolutionConfigurationPlatforms) = preSolution
		Debug|Any CPU = Debug|Any CPU
		Release|Any CPU = Release|Any CPU
	EndGlobalSection
	GlobalSection(ProjectConfigurationPlatforms) = postSolution
		{07F7C9EB-68A4-4FB7-8501-0FEEFC92BCBB}.Debug|Any CPU.ActiveCfg = Debug|Any CPU
		{07F7C9EB-68A4-4FB7-8501-0FEEFC92BCBB}.Debug|Any CPU.Build.0 = Debug|Any CPU
		{07F7C9EB-68A4-4FB7-8501-0FEEFC92BCBB}.Release|Any CPU.ActiveCfg = Release|Any CPU
		{07F7C9EB-68A4-4FB7-8501-0FEEFC92BCBB}.Release|Any CPU.Build.0 = Release|Any CPU
		{7FB8B1CB-A88A-4A2E-B3AA-4B6DD55B827F}.Debug|Any CPU.ActiveCfg = Debug|Any CPU
		{7FB8B1CB-A88A-4A2E-B3AA-4B6DD55B827F}.Debug|Any CPU.Build.0 = Debug|Any CPU
		{7FB8B1CB-A88A-4A2E-B3AA-4B6DD55B827F}.Release|Any CPU.ActiveCfg = Release|Any CPU
		{7FB8B1CB-A88A-4A2E-B3AA-4B6DD55B827F}.Release|Any CPU.Build.0 = Release|Any CPU
	EndGlobalSection
	GlobalSection(SolutionProperties) = preSolution
		HideSolutionNode = FALSE
	EndGlobalSection
	GlobalSection(ExtensibilityGlobals) = postSolution
		SolutionGuid = {936A4D6F-BA34-4251-B87B-D536E0E11FD0}
	EndGlobalSection
EndGlobal
